<?xml version="1.0" encoding="utf-8"?>
<Project ToolsVersion="4.0" xmlns="http://schemas.microsoft.com/developer/msbuild/2003">
  <ItemGroup>
    <ClCompile Include="main.cpp" />
  </ItemGroup>
  <ItemGroup>
    <ClInclude Include="Components\GameComponents.h" />
    <ClInclude Include="Components\Player.h" />
    <ClInclude Include="Systems\RenderSystem.h" />
    <ClInclude Include="Components\PlayerInputComponent.h" />
    <ClInclude Include="Systems\PlayerInputSystem.h" />
  </ItemGroup>
  <ItemGroup>
    <FxCompile Include="assets\vs_2d.hlsl" />
    <FxCompile Include="assets\ps_2d.hlsl" />
  </ItemGroup>
  <ItemGroup>
    <Image Include="assets\seamless_grass.jpg" />
  </ItemGroup>
</Project>