
Microsoft Visual Studio Solution File, Format Version 12.00
# Visual Studio Version 16
VisualStudioVersion = 16.0.29411.108
MinimumVisualStudioVersion = 10.0.40219.1
Project("{2150E333-8FDC-42A3-9474-1A3956D46DE8}") = "Editor", "Editor", "{C6D6494B-BFC7-4B36-B6D9-DFB6A7D16B3B}"
EndProject
Project("{2150E333-8FDC-42A3-9474-1A3956D46DE8}") = "Core", "Core", "{FE6263F7-1ED0-47BB-8C9F-7E0C2FE48B35}"
EndProject
Project("{2150E333-8FDC-42A3-9474-1A3956D46DE8}") = "Tests", "Tests", "{7A829AC3-4025-41CE-8500-F472563EB4AE}"
EndProject
Project("{2150E333-8FDC-42A3-9474-1A3956D46DE8}") = "RenderEngine", "RenderEngine", "{3C1D3F96-9ED6-431D-8D5E-D24AB6B278B1}"
EndProject
Project("{2150E333-8FDC-42A3-9474-1A3956D46DE8}") = "AudioEngine", "AudioEngine", "{C46DC095-D7ED-4FFB-A066-DE9D4670B268}"
EndProject
Project("{2150E333-8FDC-42A3-9474-1A3956D46DE8}") = "PhysicsEngine", "PhysicsEngine", "{30502B35-9A06-4E51-950B-61CBD05E6D6C}"
EndProject
Project("{9A19103F-16F7-4668-BE54-9A1E7A4F7556}") = "SharkSpirit.Core", "SharkSpirit.Core\SharkSpirit.Core.csproj", "{6101C40C-CFCE-4AD1-ACDE-9ABDF8890412}"
EndProject
Project("{9A19103F-16F7-4668-BE54-9A1E7A4F7556}") = "SharkSpirit.RenderEngine", "SharkSpirit.RenderEngine\SharkSpirit.RenderEngine.csproj", "{8E880849-1F8E-4ED0-920D-7E240BA746F4}"
EndProject
Project("{9A19103F-16F7-4668-BE54-9A1E7A4F7556}") = "SharkSpirit.PhysicsEngine", "SharkSpirit.PhysicsEngine\SharkSpirit.PhysicsEngine.csproj", "{EA9F472A-B37A-43D0-871F-EE592C130AFA}"
EndProject
Project("{9A19103F-16F7-4668-BE54-9A1E7A4F7556}") = "SharkSpirit.AudioEngine", "SharkSpirit.AudioEngine\SharkSpirit.AudioEngine.csproj", "{9F508034-C557-4A26-939C-BC41DC462252}"
EndProject
Project("{9A19103F-16F7-4668-BE54-9A1E7A4F7556}") = "SharkSpirit.Engine", "SharkSpirit.Engine\SharkSpirit.Engine.csproj", "{9A06D8BA-5AED-4557-AF81-A40A0584F590}"
EndProject
Project("{2150E333-8FDC-42A3-9474-1A3956D46DE8}") = "InputEngine", "InputEngine", "{EFE15975-4701-4F58-8E62-B8E61EFB763F}"
EndProject
Project("{9A19103F-16F7-4668-BE54-9A1E7A4F7556}") = "SharkSpirit.InputEngine", "SharkSpirit.InputEngine\SharkSpirit.InputEngine.csproj", "{381B4A1D-F040-4EC8-80CC-CF75A90586FF}"
EndProject
Project("{9A19103F-16F7-4668-BE54-9A1E7A4F7556}") = "SharkSpirit.RenderFramework.DirectX", "SharkSpirit.RenderFramework.DirectX\SharkSpirit.RenderFramework.DirectX.csproj", "{44D8898F-33E3-415B-B220-92A763B25043}"
EndProject
Project("{9A19103F-16F7-4668-BE54-9A1E7A4F7556}") = "SharkSpirit.Avalonia", "SharkSpirit.Avalonia\SharkSpirit.Avalonia.csproj", "{E3736F70-7830-4636-A440-487C265F876B}"
EndProject
Project("{FAE04EC0-301F-11D3-BF4B-00C04F79EFBC}") = "SharkSpirit.Wpf", "SharkSpirit.Wpf\SharkSpirit.Wpf.csproj", "{DBD7FB62-5834-40F2-B986-49F5019D9DF1}"
EndProject
Project("{9A19103F-16F7-4668-BE54-9A1E7A4F7556}") = "SharkSpirit.Graphics", "SharkSpirit.Graphics\SharkSpirit.Graphics.csproj", "{BDC0A882-A341-4EED-AEC8-693B52A7028E}"
EndProject
Project("{FAE04EC0-301F-11D3-BF4B-00C04F79EFBC}") = "SharkSpirit.TestConsole", "SharkSpirit.TestConsole\SharkSpirit.TestConsole.csproj", "{43E4B389-AFFE-405A-AD6D-4C4C35F12B2A}"
EndProject
Project("{2150E333-8FDC-42A3-9474-1A3956D46DE8}") = "Modules", "Modules", "{7853ADBF-93C7-43DC-AEB5-DD30358337EA}"
EndProject
Project("{FAE04EC0-301F-11D3-BF4B-00C04F79EFBC}") = "SharkSpirit.Modules.Core", "SharkSpirit.Modules.Core\SharkSpirit.Modules.Core.csproj", "{DE5BAFC5-9C64-49F8-AE25-E9FDAAECD4D5}"
EndProject
Project("{FAE04EC0-301F-11D3-BF4B-00C04F79EFBC}") = "SharkSpirit.Modules.SceneInspector", "SharkSpirit.Modules.SceneInspector\SharkSpirit.Modules.SceneInspector.csproj", "{105C21D9-EF28-43DF-B289-15F513FFA1F2}"
EndProject
Project("{FAE04EC0-301F-11D3-BF4B-00C04F79EFBC}") = "SharkSpirit.Modules.Scene", "SharkSpirit.Modules.Scene\SharkSpirit.Modules.Scene.csproj", "{504D6011-AE18-41DE-9E0E-846ACE17F45A}"
EndProject
Global
	GlobalSection(SolutionConfigurationPlatforms) = preSolution
		Debug|Any CPU = Debug|Any CPU
		Debug|x64 = Debug|x64
		Release|Any CPU = Release|Any CPU
		Release|x64 = Release|x64
	EndGlobalSection
	GlobalSection(ProjectConfigurationPlatforms) = postSolution
		{6101C40C-CFCE-4AD1-ACDE-9ABDF8890412}.Debug|Any CPU.ActiveCfg = Debug|Any CPU
		{6101C40C-CFCE-4AD1-ACDE-9ABDF8890412}.Debug|Any CPU.Build.0 = Debug|Any CPU
		{6101C40C-CFCE-4AD1-ACDE-9ABDF8890412}.Debug|x64.ActiveCfg = Debug|x64
		{6101C40C-CFCE-4AD1-ACDE-9ABDF8890412}.Debug|x64.Build.0 = Debug|x64
		{6101C40C-CFCE-4AD1-ACDE-9ABDF8890412}.Release|Any CPU.ActiveCfg = Release|Any CPU
		{6101C40C-CFCE-4AD1-ACDE-9ABDF8890412}.Release|Any CPU.Build.0 = Release|Any CPU
		{6101C40C-CFCE-4AD1-ACDE-9ABDF8890412}.Release|x64.ActiveCfg = Release|x64
		{6101C40C-CFCE-4AD1-ACDE-9ABDF8890412}.Release|x64.Build.0 = Release|x64
		{8E880849-1F8E-4ED0-920D-7E240BA746F4}.Debug|Any CPU.ActiveCfg = Debug|Any CPU
		{8E880849-1F8E-4ED0-920D-7E240BA746F4}.Debug|Any CPU.Build.0 = Debug|Any CPU
		{8E880849-1F8E-4ED0-920D-7E240BA746F4}.Debug|x64.ActiveCfg = Debug|x64
		{8E880849-1F8E-4ED0-920D-7E240BA746F4}.Debug|x64.Build.0 = Debug|x64
		{8E880849-1F8E-4ED0-920D-7E240BA746F4}.Release|Any CPU.ActiveCfg = Release|Any CPU
		{8E880849-1F8E-4ED0-920D-7E240BA746F4}.Release|Any CPU.Build.0 = Release|Any CPU
		{8E880849-1F8E-4ED0-920D-7E240BA746F4}.Release|x64.ActiveCfg = Release|x64
		{8E880849-1F8E-4ED0-920D-7E240BA746F4}.Release|x64.Build.0 = Release|x64
		{EA9F472A-B37A-43D0-871F-EE592C130AFA}.Debug|Any CPU.ActiveCfg = Debug|Any CPU
		{EA9F472A-B37A-43D0-871F-EE592C130AFA}.Debug|Any CPU.Build.0 = Debug|Any CPU
		{EA9F472A-B37A-43D0-871F-EE592C130AFA}.Debug|x64.ActiveCfg = Debug|x64
		{EA9F472A-B37A-43D0-871F-EE592C130AFA}.Debug|x64.Build.0 = Debug|x64
		{EA9F472A-B37A-43D0-871F-EE592C130AFA}.Release|Any CPU.ActiveCfg = Release|Any CPU
		{EA9F472A-B37A-43D0-871F-EE592C130AFA}.Release|Any CPU.Build.0 = Release|Any CPU
		{EA9F472A-B37A-43D0-871F-EE592C130AFA}.Release|x64.ActiveCfg = Release|x64
		{EA9F472A-B37A-43D0-871F-EE592C130AFA}.Release|x64.Build.0 = Release|x64
		{9F508034-C557-4A26-939C-BC41DC462252}.Debug|Any CPU.ActiveCfg = Debug|Any CPU
		{9F508034-C557-4A26-939C-BC41DC462252}.Debug|Any CPU.Build.0 = Debug|Any CPU
		{9F508034-C557-4A26-939C-BC41DC462252}.Debug|x64.ActiveCfg = Debug|x64
		{9F508034-C557-4A26-939C-BC41DC462252}.Debug|x64.Build.0 = Debug|x64
		{9F508034-C557-4A26-939C-BC41DC462252}.Release|Any CPU.ActiveCfg = Release|Any CPU
		{9F508034-C557-4A26-939C-BC41DC462252}.Release|Any CPU.Build.0 = Release|Any CPU
		{9F508034-C557-4A26-939C-BC41DC462252}.Release|x64.ActiveCfg = Release|x64
		{9F508034-C557-4A26-939C-BC41DC462252}.Release|x64.Build.0 = Release|x64
		{9A06D8BA-5AED-4557-AF81-A40A0584F590}.Debug|Any CPU.ActiveCfg = Debug|Any CPU
		{9A06D8BA-5AED-4557-AF81-A40A0584F590}.Debug|Any CPU.Build.0 = Debug|Any CPU
		{9A06D8BA-5AED-4557-AF81-A40A0584F590}.Debug|x64.ActiveCfg = Debug|x64
		{9A06D8BA-5AED-4557-AF81-A40A0584F590}.Debug|x64.Build.0 = Debug|x64
		{9A06D8BA-5AED-4557-AF81-A40A0584F590}.Release|Any CPU.ActiveCfg = Release|Any CPU
		{9A06D8BA-5AED-4557-AF81-A40A0584F590}.Release|Any CPU.Build.0 = Release|Any CPU
		{9A06D8BA-5AED-4557-AF81-A40A0584F590}.Release|x64.ActiveCfg = Release|x64
		{9A06D8BA-5AED-4557-AF81-A40A0584F590}.Release|x64.Build.0 = Release|x64
		{381B4A1D-F040-4EC8-80CC-CF75A90586FF}.Debug|Any CPU.ActiveCfg = Debug|Any CPU
		{381B4A1D-F040-4EC8-80CC-CF75A90586FF}.Debug|Any CPU.Build.0 = Debug|Any CPU
		{381B4A1D-F040-4EC8-80CC-CF75A90586FF}.Debug|x64.ActiveCfg = Debug|x64
		{381B4A1D-F040-4EC8-80CC-CF75A90586FF}.Debug|x64.Build.0 = Debug|x64
		{381B4A1D-F040-4EC8-80CC-CF75A90586FF}.Release|Any CPU.ActiveCfg = Release|Any CPU
		{381B4A1D-F040-4EC8-80CC-CF75A90586FF}.Release|Any CPU.Build.0 = Release|Any CPU
		{381B4A1D-F040-4EC8-80CC-CF75A90586FF}.Release|x64.ActiveCfg = Release|x64
		{381B4A1D-F040-4EC8-80CC-CF75A90586FF}.Release|x64.Build.0 = Release|x64
		{44D8898F-33E3-415B-B220-92A763B25043}.Debug|Any CPU.ActiveCfg = Debug|Any CPU
		{44D8898F-33E3-415B-B220-92A763B25043}.Debug|Any CPU.Build.0 = Debug|Any CPU
		{44D8898F-33E3-415B-B220-92A763B25043}.Debug|x64.ActiveCfg = Debug|x64
		{44D8898F-33E3-415B-B220-92A763B25043}.Debug|x64.Build.0 = Debug|x64
		{44D8898F-33E3-415B-B220-92A763B25043}.Release|Any CPU.ActiveCfg = Release|Any CPU
		{44D8898F-33E3-415B-B220-92A763B25043}.Release|Any CPU.Build.0 = Release|Any CPU
		{44D8898F-33E3-415B-B220-92A763B25043}.Release|x64.ActiveCfg = Release|x64
		{44D8898F-33E3-415B-B220-92A763B25043}.Release|x64.Build.0 = Release|x64
		{E3736F70-7830-4636-A440-487C265F876B}.Debug|Any CPU.ActiveCfg = Debug|Any CPU
		{E3736F70-7830-4636-A440-487C265F876B}.Debug|Any CPU.Build.0 = Debug|Any CPU
		{E3736F70-7830-4636-A440-487C265F876B}.Debug|x64.ActiveCfg = Debug|Any CPU
		{E3736F70-7830-4636-A440-487C265F876B}.Release|Any CPU.ActiveCfg = Release|Any CPU
		{E3736F70-7830-4636-A440-487C265F876B}.Release|Any CPU.Build.0 = Release|Any CPU
		{E3736F70-7830-4636-A440-487C265F876B}.Release|x64.ActiveCfg = Release|Any CPU
		{DBD7FB62-5834-40F2-B986-49F5019D9DF1}.Debug|Any CPU.ActiveCfg = Debug|Any CPU
		{DBD7FB62-5834-40F2-B986-49F5019D9DF1}.Debug|Any CPU.Build.0 = Debug|Any CPU
		{DBD7FB62-5834-40F2-B986-49F5019D9DF1}.Debug|x64.ActiveCfg = Debug|x64
		{DBD7FB62-5834-40F2-B986-49F5019D9DF1}.Debug|x64.Build.0 = Debug|x64
		{DBD7FB62-5834-40F2-B986-49F5019D9DF1}.Release|Any CPU.ActiveCfg = Release|Any CPU
		{DBD7FB62-5834-40F2-B986-49F5019D9DF1}.Release|Any CPU.Build.0 = Release|Any CPU
		{DBD7FB62-5834-40F2-B986-49F5019D9DF1}.Release|x64.ActiveCfg = Release|x64
		{DBD7FB62-5834-40F2-B986-49F5019D9DF1}.Release|x64.Build.0 = Release|x64
		{BDC0A882-A341-4EED-AEC8-693B52A7028E}.Debug|Any CPU.ActiveCfg = Debug|Any CPU
		{BDC0A882-A341-4EED-AEC8-693B52A7028E}.Debug|Any CPU.Build.0 = Debug|Any CPU
		{BDC0A882-A341-4EED-AEC8-693B52A7028E}.Debug|x64.ActiveCfg = Debug|x64
		{BDC0A882-A341-4EED-AEC8-693B52A7028E}.Debug|x64.Build.0 = Debug|x64
		{BDC0A882-A341-4EED-AEC8-693B52A7028E}.Release|Any CPU.ActiveCfg = Release|Any CPU
		{BDC0A882-A341-4EED-AEC8-693B52A7028E}.Release|Any CPU.Build.0 = Release|Any CPU
		{BDC0A882-A341-4EED-AEC8-693B52A7028E}.Release|x64.ActiveCfg = Release|x64
		{BDC0A882-A341-4EED-AEC8-693B52A7028E}.Release|x64.Build.0 = Release|x64
		{43E4B389-AFFE-405A-AD6D-4C4C35F12B2A}.Debug|Any CPU.ActiveCfg = Debug|Any CPU
		{43E4B389-AFFE-405A-AD6D-4C4C35F12B2A}.Debug|Any CPU.Build.0 = Debug|Any CPU
		{43E4B389-AFFE-405A-AD6D-4C4C35F12B2A}.Debug|x64.ActiveCfg = Debug|x64
		{43E4B389-AFFE-405A-AD6D-4C4C35F12B2A}.Debug|x64.Build.0 = Debug|x64
		{43E4B389-AFFE-405A-AD6D-4C4C35F12B2A}.Release|Any CPU.ActiveCfg = Release|Any CPU
		{43E4B389-AFFE-405A-AD6D-4C4C35F12B2A}.Release|Any CPU.Build.0 = Release|Any CPU
		{43E4B389-AFFE-405A-AD6D-4C4C35F12B2A}.Release|x64.ActiveCfg = Release|x64
		{43E4B389-AFFE-405A-AD6D-4C4C35F12B2A}.Release|x64.Build.0 = Release|x64
		{DE5BAFC5-9C64-49F8-AE25-E9FDAAECD4D5}.Debug|Any CPU.ActiveCfg = Debug|Any CPU
		{DE5BAFC5-9C64-49F8-AE25-E9FDAAECD4D5}.Debug|Any CPU.Build.0 = Debug|Any CPU
		{DE5BAFC5-9C64-49F8-AE25-E9FDAAECD4D5}.Debug|x64.ActiveCfg = Debug|x64
		{DE5BAFC5-9C64-49F8-AE25-E9FDAAECD4D5}.Debug|x64.Build.0 = Debug|x64
		{DE5BAFC5-9C64-49F8-AE25-E9FDAAECD4D5}.Release|Any CPU.ActiveCfg = Release|Any CPU
		{DE5BAFC5-9C64-49F8-AE25-E9FDAAECD4D5}.Release|Any CPU.Build.0 = Release|Any CPU
		{DE5BAFC5-9C64-49F8-AE25-E9FDAAECD4D5}.Release|x64.ActiveCfg = Release|Any CPU
		{DE5BAFC5-9C64-49F8-AE25-E9FDAAECD4D5}.Release|x64.Build.0 = Release|Any CPU
		{105C21D9-EF28-43DF-B289-15F513FFA1F2}.Debug|Any CPU.ActiveCfg = Debug|Any CPU
		{105C21D9-EF28-43DF-B289-15F513FFA1F2}.Debug|Any CPU.Build.0 = Debug|Any CPU
		{105C21D9-EF28-43DF-B289-15F513FFA1F2}.Debug|x64.ActiveCfg = Debug|x64
		{105C21D9-EF28-43DF-B289-15F513FFA1F2}.Debug|x64.Build.0 = Debug|x64
		{105C21D9-EF28-43DF-B289-15F513FFA1F2}.Release|Any CPU.ActiveCfg = Release|Any CPU
		{105C21D9-EF28-43DF-B289-15F513FFA1F2}.Release|Any CPU.Build.0 = Release|Any CPU
		{105C21D9-EF28-43DF-B289-15F513FFA1F2}.Release|x64.ActiveCfg = Release|Any CPU
		{105C21D9-EF28-43DF-B289-15F513FFA1F2}.Release|x64.Build.0 = Release|Any CPU
		{504D6011-AE18-41DE-9E0E-846ACE17F45A}.Debug|Any CPU.ActiveCfg = Debug|Any CPU
		{504D6011-AE18-41DE-9E0E-846ACE17F45A}.Debug|Any CPU.Build.0 = Debug|Any CPU
		{504D6011-AE18-41DE-9E0E-846ACE17F45A}.Debug|x64.ActiveCfg = Debug|x64
		{504D6011-AE18-41DE-9E0E-846ACE17F45A}.Debug|x64.Build.0 = Debug|x64
		{504D6011-AE18-41DE-9E0E-846ACE17F45A}.Release|Any CPU.ActiveCfg = Release|Any CPU
		{504D6011-AE18-41DE-9E0E-846ACE17F45A}.Release|Any CPU.Build.0 = Release|Any CPU
		{504D6011-AE18-41DE-9E0E-846ACE17F45A}.Release|x64.ActiveCfg = Release|Any CPU
		{504D6011-AE18-41DE-9E0E-846ACE17F45A}.Release|x64.Build.0 = Release|Any CPU
	EndGlobalSection
	GlobalSection(SolutionProperties) = preSolution
		HideSolutionNode = FALSE
	EndGlobalSection
	GlobalSection(NestedProjects) = preSolution
		{3C1D3F96-9ED6-431D-8D5E-D24AB6B278B1} = {FE6263F7-1ED0-47BB-8C9F-7E0C2FE48B35}
		{C46DC095-D7ED-4FFB-A066-DE9D4670B268} = {FE6263F7-1ED0-47BB-8C9F-7E0C2FE48B35}
		{30502B35-9A06-4E51-950B-61CBD05E6D6C} = {FE6263F7-1ED0-47BB-8C9F-7E0C2FE48B35}
		{6101C40C-CFCE-4AD1-ACDE-9ABDF8890412} = {FE6263F7-1ED0-47BB-8C9F-7E0C2FE48B35}
		{8E880849-1F8E-4ED0-920D-7E240BA746F4} = {3C1D3F96-9ED6-431D-8D5E-D24AB6B278B1}
		{EA9F472A-B37A-43D0-871F-EE592C130AFA} = {30502B35-9A06-4E51-950B-61CBD05E6D6C}
		{9F508034-C557-4A26-939C-BC41DC462252} = {C46DC095-D7ED-4FFB-A066-DE9D4670B268}
		{9A06D8BA-5AED-4557-AF81-A40A0584F590} = {FE6263F7-1ED0-47BB-8C9F-7E0C2FE48B35}
		{EFE15975-4701-4F58-8E62-B8E61EFB763F} = {FE6263F7-1ED0-47BB-8C9F-7E0C2FE48B35}
		{381B4A1D-F040-4EC8-80CC-CF75A90586FF} = {EFE15975-4701-4F58-8E62-B8E61EFB763F}
		{44D8898F-33E3-415B-B220-92A763B25043} = {3C1D3F96-9ED6-431D-8D5E-D24AB6B278B1}
		{E3736F70-7830-4636-A440-487C265F876B} = {C6D6494B-BFC7-4B36-B6D9-DFB6A7D16B3B}
		{DBD7FB62-5834-40F2-B986-49F5019D9DF1} = {C6D6494B-BFC7-4B36-B6D9-DFB6A7D16B3B}
		{BDC0A882-A341-4EED-AEC8-693B52A7028E} = {FE6263F7-1ED0-47BB-8C9F-7E0C2FE48B35}
		{43E4B389-AFFE-405A-AD6D-4C4C35F12B2A} = {C6D6494B-BFC7-4B36-B6D9-DFB6A7D16B3B}
		{7853ADBF-93C7-43DC-AEB5-DD30358337EA} = {C6D6494B-BFC7-4B36-B6D9-DFB6A7D16B3B}
		{DE5BAFC5-9C64-49F8-AE25-E9FDAAECD4D5} = {7853ADBF-93C7-43DC-AEB5-DD30358337EA}
		{105C21D9-EF28-43DF-B289-15F513FFA1F2} = {7853ADBF-93C7-43DC-AEB5-DD30358337EA}
		{504D6011-AE18-41DE-9E0E-846ACE17F45A} = {7853ADBF-93C7-43DC-AEB5-DD30358337EA}
	EndGlobalSection
	GlobalSection(ExtensibilityGlobals) = postSolution
		SolutionGuid = {BE0BD888-0ECA-4ED9-A290-B80C74629089}
	EndGlobalSection
EndGlobal
